
Microsoft Visual Studio Solution File, Format Version 12.00
# Visual Studio 15
VisualStudioVersion = 15.0.28307.329
MinimumVisualStudioVersion = 10.0.40219.1
Project("{2150E333-8FDC-42A3-9474-1A3956D46DE8}") = "1-UI", "1-UI", "{BE2F0627-3688-494E-95BE-ECF2BE7F9C56}"
EndProject
Project("{2150E333-8FDC-42A3-9474-1A3956D46DE8}") = "2-Domain", "2-Domain", "{B5AFCCB3-F394-4965-90CB-3D6A21567619}"
EndProject
Project("{2150E333-8FDC-42A3-9474-1A3956D46DE8}") = "3-Infrastructure", "3-Infrastructure", "{70C6D669-55CF-4870-A96D-5C699B50987B}"
EndProject
Project("{FAE04EC0-301F-11D3-BF4B-00C04F79EFBC}") = "SGC.ApplicationCore", "src\SGC.ApplicationCore\SGC.ApplicationCore.csproj", "{D9046611-575E-4BE2-AEE2-7BCEFF3CB2EA}"
EndProject
Project("{FAE04EC0-301F-11D3-BF4B-00C04F79EFBC}") = "SGC.Infrastructure", "src\SGC.Infrastructure\SGC.Infrastructure.csproj", "{47B067A6-BCE7-4E43-85FC-AFC7B26014AE}"
EndProject
Project("{FAE04EC0-301F-11D3-BF4B-00C04F79EFBC}") = "SGC.UI.Web", "src\SGC.UI.Web\SGC.UI.Web.csproj", "{87467F4F-9FE2-4313-B50D-14FCE3D5A040}"
EndProject
Global
	GlobalSection(SolutionConfigurationPlatforms) = preSolution
		Debug|Any CPU = Debug|Any CPU
		Release|Any CPU = Release|Any CPU
	EndGlobalSection
	GlobalSection(ProjectConfigurationPlatforms) = postSolution
		{D9046611-575E-4BE2-AEE2-7BCEFF3CB2EA}.Debug|Any CPU.ActiveCfg = Debug|Any CPU
		{D9046611-575E-4BE2-AEE2-7BCEFF3CB2EA}.Debug|Any CPU.Build.0 = Debug|Any CPU
		{D9046611-575E-4BE2-AEE2-7BCEFF3CB2EA}.Release|Any CPU.ActiveCfg = Release|Any CPU
		{D9046611-575E-4BE2-AEE2-7BCEFF3CB2EA}.Release|Any CPU.Build.0 = Release|Any CPU
		{47B067A6-BCE7-4E43-85FC-AFC7B26014AE}.Debug|Any CPU.ActiveCfg = Debug|Any CPU
		{47B067A6-BCE7-4E43-85FC-AFC7B26014AE}.Debug|Any CPU.Build.0 = Debug|Any CPU
		{47B067A6-BCE7-4E43-85FC-AFC7B26014AE}.Release|Any CPU.ActiveCfg = Release|Any CPU
		{47B067A6-BCE7-4E43-85FC-AFC7B26014AE}.Release|Any CPU.Build.0 = Release|Any CPU
		{87467F4F-9FE2-4313-B50D-14FCE3D5A040}.Debug|Any CPU.ActiveCfg = Debug|Any CPU
		{87467F4F-9FE2-4313-B50D-14FCE3D5A040}.Debug|Any CPU.Build.0 = Debug|Any CPU
		{87467F4F-9FE2-4313-B50D-14FCE3D5A040}.Release|Any CPU.ActiveCfg = Release|Any CPU
		{87467F4F-9FE2-4313-B50D-14FCE3D5A040}.Release|Any CPU.Build.0 = Release|Any CPU
	EndGlobalSection
	GlobalSection(SolutionProperties) = preSolution
		HideSolutionNode = FALSE
	EndGlobalSection
	GlobalSection(NestedProjects) = preSolution
		{D9046611-575E-4BE2-AEE2-7BCEFF3CB2EA} = {B5AFCCB3-F394-4965-90CB-3D6A21567619}
		{47B067A6-BCE7-4E43-85FC-AFC7B26014AE} = {70C6D669-55CF-4870-A96D-5C699B50987B}
		{87467F4F-9FE2-4313-B50D-14FCE3D5A040} = {BE2F0627-3688-494E-95BE-ECF2BE7F9C56}
	EndGlobalSection
	GlobalSection(ExtensibilityGlobals) = postSolution
		SolutionGuid = {01817E6E-BB00-4BD5-B771-19340611EA46}
	EndGlobalSection
EndGlobal
